using System;

class Program
{
    public static int CharToNum(char x)
    {
        return x - '0'; // преобразуем символ в число
    }

    static void Main(string[] args)
    {
        Console.WriteLine("Введите символ (0-9):");
        char input = Console.ReadKey().KeyChar;
        if (char.IsDigit(input))
        {
            Console.WriteLine($"\nЧисло из символа {input} = {CharToNum(input)}");
        }
        else
        {
            Console.WriteLine("\nНекорректный ввод! Введите цифру.");
        }
    }
}
