using System;

class Program
{
    public static int[] ReverseBack(int[] arr)
    {
        int[] reversed = new int[arr.Length];
        for (int i = 0; i < arr.Length; i++)
        {
            reversed[i] = arr[arr.Length - 1 - i]; // копируем элементы в обратном порядке
        }
        return reversed;
    }

    static void Main()
    {
        Console.WriteLine("Введите элементы массива через пробел:");
        int[] arr = Array.ConvertAll(Console.ReadLine().Split(), int.Parse);

        int[] reversedArray = ReverseBack(arr);
        Console.WriteLine("Массив в обратном порядке: " + string.Join(", ", reversedArray));
    }
}
