using System;

class Program
{
    public static bool Is2Digits(int x)
    {
        return x >= 10 && x <= 99 || x <= -10 && x >= -99; // проверяем диапазон
    }

    static void Main(string[] args)
    {
        Console.WriteLine("Введите число:");
        if (int.TryParse(Console.ReadLine(), out int number))
        {
            Console.WriteLine($"Число {number} двузначное: {Is2Digits(number)}");
        }
        else
        {
            Console.WriteLine("Некорректный ввод!");
        }
    }
}
