using System;

class Program
{
    public static int Sum2(int x, int y)
    {
        int sum = x + y;
        return (sum >= 10 && sum <= 19) ? 20 : sum;
    }

    static void Main()
    {
        Console.WriteLine("Введите два числа:");
        if (int.TryParse(Console.ReadLine(), out int x) && int.TryParse(Console.ReadLine(), out int y))
        {
            Console.WriteLine($"Результат сложения: {Sum2(x, y)}");
        }
        else
        {
            Console.WriteLine("Некорректный ввод!");
        }
    }
}
