using System;

class Program
{
    public static int NumLen(long x)
    {
        return x.ToString().Length; // возвращаем длину числа
    }

    static void Main()
    {
        Console.WriteLine("Введите число:");
        if (long.TryParse(Console.ReadLine(), out long number))
        {
            Console.WriteLine($"Длина числа {number} = {NumLen(number)}");
        }
        else
        {
            Console.WriteLine("Некорректный ввод!");
        }
    }
}
