using System;

class Program
{
    public static double Fraction(double x)
    {
        return x - Math.Truncate(x); // возвращаем дробную часть
    }

    static void Main(string[] args)
    {
        Console.WriteLine("Введите число с дробной частью:");
        if (double.TryParse(Console.ReadLine(), out double number))
        {
            Console.WriteLine($"Дробная часть числа {number} = {Fraction(number)}");
        }
        else
        {
            Console.WriteLine("Некорректный ввод!");
        }
    }
}
