using System;

class Program
{
    public static int FindFirst(int[] arr, int x)
    {
        for (int i = 0; i < arr.Length; i++)
        {
            if (arr[i] == x)
                return i; // возвращаем индекс
        }
        return -1; // если не найдено
    }

    static void Main()
    {
        Console.WriteLine("Введите элементы массива через пробел:");
        string[] input = Console.ReadLine().Split();
        int[] arr = Array.ConvertAll(input, int.Parse);

        Console.WriteLine("Введите число для поиска:");
        if (int.TryParse(Console.ReadLine(), out int number))
        {
            int index = FindFirst(arr, number);
            Console.WriteLine(index == -1 ? "Число не найдено" : $"Первое вхождение числа {number} на позиции {index}");
        }
        else
        {
            Console.WriteLine("Некорректный ввод!");
        }
    }
}
