using System;

class Program
{
    public static void RightTriangle(int x)
    {
        for (int i = 1; i <= x; i++)
        {
            Console.WriteLine(new string(' ', x - i) + new string('*', i)); // пробелы + звёздочки
        }
    }

    static void Main()
    {
        Console.WriteLine("Введите высоту треугольника:");
        if (int.TryParse(Console.ReadLine(), out int height))
        {
            RightTriangle(height);
        }
        else
        {
            Console.WriteLine("Некорректный ввод!");
        }
    }
}
