using System;

class Program
{
    public static bool Is35(int x)
    {
        return (x % 3 == 0 || x % 5 == 0) && !(x % 3 == 0 && x % 5 == 0);
    }

    static void Main()
    {
        Console.WriteLine("Введите число:");
        if (int.TryParse(Console.ReadLine(), out int number))
        {
            Console.WriteLine($"Число делится на 3 или 5, но не на оба: {Is35(number)}");
        }
        else
        {
            Console.WriteLine("Некорректный ввод!");
        }
    }
}
